
Microsoft Visual Studio Solution File, Format Version 12.00
# Visual Studio 14
VisualStudioVersion = 14.0.25123.0
MinimumVisualStudioVersion = 10.0.40219.1
Project("{FAE04EC0-301F-11D3-BF4B-00C04F79EFBC}") = "ServerIjime1", "ServerIjime1\ServerIjime1.csproj", "{690BA09E-E38C-43BD-AC67-D9285348D939}"
EndProject
Project("{FAE04EC0-301F-11D3-BF4B-00C04F79EFBC}") = "Ijime", "..\Ijime\Ijime\Ijime.csproj", "{45486818-344B-438D-B30C-11C745AC2C04}"
EndProject
Global
	GlobalSection(SolutionConfigurationPlatforms) = preSolution
		Debug|Any CPU = Debug|Any CPU
		Release|Any CPU = Release|Any CPU
	EndGlobalSection
	GlobalSection(ProjectConfigurationPlatforms) = postSolution
		{690BA09E-E38C-43BD-AC67-D9285348D939}.Debug|Any CPU.ActiveCfg = Debug|Any CPU
		{690BA09E-E38C-43BD-AC67-D9285348D939}.Debug|Any CPU.Build.0 = Debug|Any CPU
		{690BA09E-E38C-43BD-AC67-D9285348D939}.Release|Any CPU.ActiveCfg = Release|Any CPU
		{690BA09E-E38C-43BD-AC67-D9285348D939}.Release|Any CPU.Build.0 = Release|Any CPU
		{45486818-344B-438D-B30C-11C745AC2C04}.Debug|Any CPU.ActiveCfg = Debug|Any CPU
		{45486818-344B-438D-B30C-11C745AC2C04}.Debug|Any CPU.Build.0 = Debug|Any CPU
		{45486818-344B-438D-B30C-11C745AC2C04}.Release|Any CPU.ActiveCfg = Release|Any CPU
		{45486818-344B-438D-B30C-11C745AC2C04}.Release|Any CPU.Build.0 = Release|Any CPU
	EndGlobalSection
	GlobalSection(SolutionProperties) = preSolution
		HideSolutionNode = FALSE
	EndGlobalSection
EndGlobal
